// !$*UTF8*$!
{
	archiveVersion = 1;
	classes = {
	};
	objectVersion = 48;
	objects = {

/* Begin PBXBuildFile section */
		B6945D55200948C1001085F7 /* AppDelegate.swift in Sources */ = {isa = PBXBuildFile; fileRef = B6945D54200948C1001085F7 /* AppDelegate.swift */; };
		B6945D57200948C1001085F7 /* ViewController.swift in Sources */ = {isa = PBXBuildFile; fileRef = B6945D56200948C1001085F7 /* ViewController.swift */; };
		B6945D5A200948C1001085F7 /* Main.storyboard in Resources */ = {isa = PBXBuildFile; fileRef = B6945D58200948C1001085F7 /* Main.storyboard */; };
		B6945D5C200948C1001085F7 /* Assets.xcassets in Resources */ = {isa = PBXBuildFile; fileRef = B6945D5B200948C1001085F7 /* Assets.xcassets */; };
		B6945D5F200948C1001085F7 /* LaunchScreen.storyboard in Resources */ = {isa = PBXBuildFile; fileRef = B6945D5D200948C1001085F7 /* LaunchScreen.storyboard */; };
		B6945D6A200948C1001085F7 /* MemoryLeakBusterTests.swift in Sources */ = {isa = PBXBuildFile; fileRef = B6945D69200948C1001085F7 /* MemoryLeakBusterTests.swift */; };
		B6945D75200948C1001085F7 /* MemoryLeakBusterUITests.swift in Sources */ = {isa = PBXBuildFile; fileRef = B6945D74200948C1001085F7 /* MemoryLeakBusterUITests.swift */; };
/* End PBXBuildFile section */

/* Begin PBXContainerItemProxy section */
		B6945D66200948C1001085F7 /* PBXContainerItemProxy */ = {
			isa = PBXContainerItemProxy;
			containerPortal = B6945D49200948C1001085F7 /* Project object */;
			proxyType = 1;
			remoteGlobalIDString = B6945D50200948C1001085F7;
			remoteInfo = MemoryLeakBuster;
		};
		B6945D71200948C1001085F7 /* PBXContainerItemProxy */ = {
			isa = PBXContainerItemProxy;
			containerPortal = B6945D49200948C1001085F7 /* Project object */;
			proxyType = 1;
			remoteGlobalIDString = B6945D50200948C1001085F7;
			remoteInfo = MemoryLeakBuster;
		};
/* End PBXContainerItemProxy section */

/* Begin PBXFileReference section */
		B6945D51200948C1001085F7 /* MemoryLeakBuster.app */ = {isa = PBXFileReference; explicitFileType = wrapper.application; includeInIndex = 0; path = MemoryLeakBuster.app; sourceTree = BUILT_PRODUCTS_DIR; };
		B6945D54200948C1001085F7 /* AppDelegate.swift */ = {isa = PBXFileReference; lastKnownFileType = sourcecode.swift; path = AppDelegate.swift; sourceTree = "<group>"; };
		B6945D56200948C1001085F7 /* ViewController.swift */ = {isa = PBXFileReference; lastKnownFileType = sourcecode.swift; path = ViewController.swift; sourceTree = "<group>"; };
		B6945D59200948C1001085F7 /* Base */ = {isa = PBXFileReference; lastKnownFileType = file.storyboard; name = Base; path = Base.lproj/Main.storyboard; sourceTree = "<group>"; };
		B6945D5B200948C1001085F7 /* Assets.xcassets */ = {isa = PBXFileReference; lastKnownFileType = folder.assetcatalog; path = Assets.xcassets; sourceTree = "<group>"; };
		B6945D5E200948C1001085F7 /* Base */ = {isa = PBXFileReference; lastKnownFileType = file.storyboard; name = Base; path = Base.lproj/LaunchScreen.storyboard; sourceTree = "<group>"; };
		B6945D60200948C1001085F7 /* Info.plist */ = {isa = PBXFileReference; lastKnownFileType = text.plist.xml; path = Info.plist; sourceTree = "<group>"; };
		B6945D65200948C1001085F7 /* MemoryLeakBusterTests.xctest */ = {isa = PBXFileReference; explicitFileType = wrapper.cfbundle; includeInIndex = 0; path = MemoryLeakBusterTests.xctest; sourceTree = BUILT_PRODUCTS_DIR; };
		B6945D69200948C1001085F7 /* MemoryLeakBusterTests.swift */ = {isa = PBXFileReference; lastKnownFileType = sourcecode.swift; path = MemoryLeakBusterTests.swift; sourceTree = "<group>"; };
		B6945D6B200948C1001085F7 /* Info.plist */ = {isa = PBXFileReference; lastKnownFileType = text.plist.xml; path = Info.plist; sourceTree = "<group>"; };
		B6945D70200948C1001085F7 /* MemoryLeakBusterUITests.xctest */ = {isa = PBXFileReference; explicitFileType = wrapper.cfbundle; includeInIndex = 0; path = MemoryLeakBusterUITests.xctest; sourceTree = BUILT_PRODUCTS_DIR; };
		B6945D74200948C1001085F7 /* MemoryLeakBusterUITests.swift */ = {isa = PBXFileReference; lastKnownFileType = sourcecode.swift; path = MemoryLeakBusterUITests.swift; sourceTree = "<group>"; };
		B6945D76200948C1001085F7 /* Info.plist */ = {isa = PBXFileReference; lastKnownFileType = text.plist.xml; path = Info.plist; sourceTree = "<group>"; };
/* End PBXFileReference section */

/* Begin PBXFrameworksBuildPhase section */
		B6945D4E200948C1001085F7 /* Frameworks */ = {
			isa = PBXFrameworksBuildPhase;
			buildActionMask = 2147483647;
			files = (
			);
			runOnlyForDeploymentPostprocessing = 0;
		};
		B6945D62200948C1001085F7 /* Frameworks */ = {
			isa = PBXFrameworksBuildPhase;
			buildActionMask = 2147483647;
			files = (
			);
			runOnlyForDeploymentPostprocessing = 0;
		};
		B6945D6D200948C1001085F7 /* Frameworks */ = {
			isa = PBXFrameworksBuildPhase;
			buildActionMask = 2147483647;
			files = (
			);
			runOnlyForDeploymentPostprocessing = 0;
		};
/* End PBXFrameworksBuildPhase section */

/* Begin PBXGroup section */
		B6945D48200948C1001085F7 = {
			isa = PBXGroup;
			children = (
				B6945D53200948C1001085F7 /* MemoryLeakBuster */,
				B6945D68200948C1001085F7 /* MemoryLeakBusterTests */,
				B6945D73200948C1001085F7 /* MemoryLeakBusterUITests */,
				B6945D52200948C1001085F7 /* Products */,
			);
			sourceTree = "<group>";
		};
		B6945D52200948C1001085F7 /* Products */ = {
			isa = PBXGroup;
			children = (
				B6945D51200948C1001085F7 /* MemoryLeakBuster.app */,
				B6945D65200948C1001085F7 /* MemoryLeakBusterTests.xctest */,
				B6945D70200948C1001085F7 /* MemoryLeakBusterUITests.xctest */,
			);
			name = Products;
			sourceTree = "<group>";
		};
		B6945D53200948C1001085F7 /* MemoryLeakBuster */ = {
			isa = PBXGroup;
			children = (
				B6945D54200948C1001085F7 /* AppDelegate.swift */,
				B6945D56200948C1001085F7 /* ViewController.swift */,
				B6945D58200948C1001085F7 /* Main.storyboard */,
				B6945D5B200948C1001085F7 /* Assets.xcassets */,
				B6945D5D200948C1001085F7 /* LaunchScreen.storyboard */,
				B6945D60200948C1001085F7 /* Info.plist */,
			);
			path = MemoryLeakBuster;
			sourceTree = "<group>";
		};
		B6945D68200948C1001085F7 /* MemoryLeakBusterTests */ = {
			isa = PBXGroup;
			children = (
				B6945D69200948C1001085F7 /* MemoryLeakBusterTests.swift */,
				B6945D6B200948C1001085F7 /* Info.plist */,
			);
			path = MemoryLeakBusterTests;
			sourceTree = "<group>";
		};
		B6945D73200948C1001085F7 /* MemoryLeakBusterUITests */ = {
			isa = PBXGroup;
			children = (
				B6945D74200948C1001085F7 /* MemoryLeakBusterUITests.swift */,
				B6945D76200948C1001085F7 /* Info.plist */,
			);
			path = MemoryLeakBusterUITests;
			sourceTree = "<group>";
		};
/* End PBXGroup section */

/* Begin PBXNativeTarget section */
		B6945D50200948C1001085F7 /* MemoryLeakBuster */ = {
			isa = PBXNativeTarget;
			buildConfigurationList = B6945D79200948C1001085F7 /* Build configuration list for PBXNativeTarget "MemoryLeakBuster" */;
			buildPhases = (
				B6945D4D200948C1001085F7 /* Sources */,
				B6945D4E200948C1001085F7 /* Frameworks */,
				B6945D4F200948C1001085F7 /* Resources */,
			);
			buildRules = (
			);
			dependencies = (
			);
			name = MemoryLeakBuster;
			productName = MemoryLeakBuster;
			productReference = B6945D51200948C1001085F7 /* MemoryLeakBuster.app */;
			productType = "com.apple.product-type.application";
		};
		B6945D64200948C1001085F7 /* MemoryLeakBusterTests */ = {
			isa = PBXNativeTarget;
			buildConfigurationList = B6945D7C200948C1001085F7 /* Build configuration list for PBXNativeTarget "MemoryLeakBusterTests" */;
			buildPhases = (
				B6945D61200948C1001085F7 /* Sources */,
				B6945D62200948C1001085F7 /* Frameworks */,
				B6945D63200948C1001085F7 /* Resources */,
			);
			buildRules = (
			);
			dependencies = (
				B6945D67200948C1001085F7 /* PBXTargetDependency */,
			);
			name = MemoryLeakBusterTests;
			productName = MemoryLeakBusterTests;
			productReference = B6945D65200948C1001085F7 /* MemoryLeakBusterTests.xctest */;
			productType = "com.apple.product-type.bundle.unit-test";
		};
		B6945D6F200948C1001085F7 /* MemoryLeakBusterUITests */ = {
			isa = PBXNativeTarget;
			buildConfigurationList = B6945D7F200948C1001085F7 /* Build configuration list for PBXNativeTarget "MemoryLeakBusterUITests" */;
			buildPhases = (
				B6945D6C200948C1001085F7 /* Sources */,
				B6945D6D200948C1001085F7 /* Frameworks */,
				B6945D6E200948C1001085F7 /* Resources */,
			);
			buildRules = (
			);
			dependencies = (
				B6945D72200948C1001085F7 /* PBXTargetDependency */,
			);
			name = MemoryLeakBusterUITests;
			productName = MemoryLeakBusterUITests;
			productReference = B6945D70200948C1001085F7 /* MemoryLeakBusterUITests.xctest */;
			productType = "com.apple.product-type.bundle.ui-testing";
		};
/* End PBXNativeTarget section */

/* Begin PBXProject section */
		B6945D49200948C1001085F7 /* Project object */ = {
			isa = PBXProject;
			attributes = {
				LastSwiftUpdateCheck = 0920;
				LastUpgradeCheck = 0920;
				ORGANIZATIONNAME = linxmap;
				TargetAttributes = {
					B6945D50200948C1001085F7 = {
						CreatedOnToolsVersion = 9.2;
						ProvisioningStyle = Automatic;
					};
					B6945D64200948C1001085F7 = {
						CreatedOnToolsVersion = 9.2;
						ProvisioningStyle = Automatic;
						TestTargetID = B6945D50200948C1001085F7;
					};
					B6945D6F200948C1001085F7 = {
						CreatedOnToolsVersion = 9.2;
						ProvisioningStyle = Automatic;
						TestTargetID = B6945D50200948C1001085F7;
					};
				};
			};
			buildConfigurationList = B6945D4C200948C1001085F7 /* Build configuration list for PBXProject "MemoryLeakBuster" */;
			compatibilityVersion = "Xcode 8.0";
			developmentRegion = en;
			hasScannedForEncodings = 0;
			knownRegions = (
				en,
				Base,
			);
			mainGroup = B6945D48200948C1001085F7;
			productRefGroup = B6945D52200948C1001085F7 /* Products */;
			projectDirPath = "";
			projectRoot = "";
			targets = (
				B6945D50200948C1001085F7 /* MemoryLeakBuster */,
				B6945D64200948C1001085F7 /* MemoryLeakBusterTests */,
				B6945D6F200948C1001085F7 /* MemoryLeakBusterUITests */,
			);
		};
/* End PBXProject section */

/* Begin PBXResourcesBuildPhase section */
		B6945D4F200948C1001085F7 /* Resources */ = {
			isa = PBXResourcesBuildPhase;
			buildActionMask = 2147483647;
			files = (
				B6945D5F200948C1001085F7 /* LaunchScreen.storyboard in Resources */,
				B6945D5C200948C1001085F7 /* Assets.xcassets in Resources */,
				B6945D5A200948C1001085F7 /* Main.storyboard in Resources */,
			);
			runOnlyForDeploymentPostprocessing = 0;
		};
		B6945D63200948C1001085F7 /* Resources */ = {
			isa = PBXResourcesBuildPhase;
			buildActionMask = 2147483647;
			files = (
			);
			runOnlyForDeploymentPostprocessing = 0;
		};
		B6945D6E200948C1001085F7 /* Resources */ = {
			isa = PBXResourcesBuildPhase;
			buildActionMask = 2147483647;
			files = (
			);
			runOnlyForDeploymentPostprocessing = 0;
		};
/* End PBXResourcesBuildPhase section */

/* Begin PBXSourcesBuildPhase section */
		B6945D4D200948C1001085F7 /* Sources */ = {
			isa = PBXSourcesBuildPhase;
			buildActionMask = 2147483647;
			files = (
				B6945D57200948C1001085F7 /* ViewController.swift in Sources */,
				B6945D55200948C1001085F7 /* AppDelegate.swift in Sources */,
			);
			runOnlyForDeploymentPostprocessing = 0;
		};
		B6945D61200948C1001085F7 /* Sources */ = {
			isa = PBXSourcesBuildPhase;
			buildActionMask = 2147483647;
			files = (
				B6945D6A200948C1001085F7 /* MemoryLeakBusterTests.swift in Sources */,
			);
			runOnlyForDeploymentPostprocessing = 0;
		};
		B6945D6C200948C1001085F7 /* Sources */ = {
			isa = PBXSourcesBuildPhase;
			buildActionMask = 2147483647;
			files = (
				B6945D75200948C1001085F7 /* MemoryLeakBusterUITests.swift in Sources */,
			);
			runOnlyForDeploymentPostprocessing = 0;
		};
/* End PBXSourcesBuildPhase section */

/* Begin PBXTargetDependency section */
		B6945D67200948C1001085F7 /* PBXTargetDependency */ = {
			isa = PBXTargetDependency;
			target = B6945D50200948C1001085F7 /* MemoryLeakBuster */;
			targetProxy = B6945D66200948C1001085F7 /* PBXContainerItemProxy */;
		};
		B6945D72200948C1001085F7 /* PBXTargetDependency */ = {
			isa = PBXTargetDependency;
			target = B6945D50200948C1001085F7 /* MemoryLeakBuster */;
			targetProxy = B6945D71200948C1001085F7 /* PBXContainerItemProxy */;
		};
/* End PBXTargetDependency section */

/* Begin PBXVariantGroup section */
		B6945D58200948C1001085F7 /* Main.storyboard */ = {
			isa = PBXVariantGroup;
			children = (
				B6945D59200948C1001085F7 /* Base */,
			);
			name = Main.storyboard;
			sourceTree = "<group>";
		};
		B6945D5D200948C1001085F7 /* LaunchScreen.storyboard */ = {
			isa = PBXVariantGroup;
			children = (
				B6945D5E200948C1001085F7 /* Base */,
			);
			name = LaunchScreen.storyboard;
			sourceTree = "<group>";
		};
/* End PBXVariantGroup section */

/* Begin XCBuildConfiguration section */
		B6945D77200948C1001085F7 /* Debug */ = {
			isa = XCBuildConfiguration;
			buildSettings = {
				ALWAYS_SEARCH_USER_PATHS = NO;
				CLANG_ANALYZER_NONNULL = YES;
				CLANG_ANALYZER_NUMBER_OBJECT_CONVERSION = YES_AGGRESSIVE;
				CLANG_CXX_LANGUAGE_STANDARD = "gnu++14";
				CLANG_CXX_LIBRARY = "libc++";
				CLANG_ENABLE_MODULES = YES;
				CLANG_ENABLE_OBJC_ARC = YES;
				CLANG_WARN_BLOCK_CAPTURE_AUTORELEASING = YES;
				CLANG_WARN_BOOL_CONVERSION = YES;
				CLANG_WARN_COMMA = YES;
				CLANG_WARN_CONSTANT_CONVERSION = YES;
				CLANG_WARN_DIRECT_OBJC_ISA_USAGE = YES_ERROR;
				CLANG_WARN_DOCUMENTATION_COMMENTS = YES;
				CLANG_WARN_EMPTY_BODY = YES;
				CLANG_WARN_ENUM_CONVERSION = YES;
				CLANG_WARN_INFINITE_RECURSION = YES;
				CLANG_WARN_INT_CONVERSION = YES;
				CLANG_WARN_NON_LITERAL_NULL_CONVERSION = YES;
				CLANG_WARN_OBJC_LITERAL_CONVERSION = YES;
				CLANG_WARN_OBJC_ROOT_CLASS = YES_ERROR;
				CLANG_WARN_RANGE_LOOP_ANALYSIS = YES;
				CLANG_WARN_STRICT_PROTOTYPES = YES;
				CLANG_WARN_SUSPICIOUS_MOVE = YES;
				CLANG_WARN_UNGUARDED_AVAILABILITY = YES_AGGRESSIVE;
				CLANG_WARN_UNREACHABLE_CODE = YES;
				CLANG_WARN__DUPLICATE_METHOD_MATCH = YES;
				CODE_SIGN_IDENTITY = "iPhone Developer";
				COPY_PHASE_STRIP = NO;
				DEBUG_INFORMATION_FORMAT = dwarf;
				ENABLE_STRICT_OBJC_MSGSEND = YES;
				ENABLE_TESTABILITY = YES;
				GCC_C_LANGUAGE_STANDARD = gnu11;
				GCC_DYNAMIC_NO_PIC = NO;
				GCC_NO_COMMON_BLOCKS = YES;
				GCC_OPTIMIZATION_LEVEL = 0;
				GCC_PREPROCESSOR_DEFINITIONS = (
					"DEBUG=1",
					"$(inherited)",
				);
				GCC_WARN_64_TO_32_BIT_CONVERSION = YES;
				GCC_WARN_ABOUT_RETURN_TYPE = YES_ERROR;
				GCC_WARN_UNDECLARED_SELECTOR = YES;
				GCC_WARN_UNINITIALIZED_AUTOS = YES_AGGRESSIVE;
				GCC_WARN_UNUSED_FUNCTION = YES;
				GCC_WARN_UNUSED_VARIABLE = YES;
				IPHONEOS_DEPLOYMENT_TARGET = 11.2;
				MTL_ENABLE_DEBUG_INFO = YES;
				ONLY_ACTIVE_ARCH = YES;
				SDKROOT = iphoneos;
				SWIFT_ACTIVE_COMPILATION_CONDITIONS = DEBUG;
				SWIFT_OPTIMIZATION_LEVEL = "-Onone";
			};
			name = Debug;
		};
		B6945D78200948C1001085F7 /* Release */ = {
			isa = XCBuildConfiguration;
			buildSettings = {
				ALWAYS_SEARCH_USER_PATHS = NO;
				CLANG_ANALYZER_NONNULL = YES;
				CLANG_ANALYZER_NUMBER_OBJECT_CONVERSION = YES_AGGRESSIVE;
				CLANG_CXX_LANGUAGE_STANDARD = "gnu++14";
				CLANG_CXX_LIBRARY = "libc++";
				CLANG_ENABLE_MODULES = YES;
				CLANG_ENABLE_OBJC_ARC = YES;
				CLANG_WARN_BLOCK_CAPTURE_AUTORELEASING = YES;
				CLANG_WARN_BOOL_CONVERSION = YES;
				CLANG_WARN_COMMA = YES;
				CLANG_WARN_CONSTANT_CONVERSION = YES;
				CLANG_WARN_DIRECT_OBJC_ISA_USAGE = YES_ERROR;
				CLANG_WARN_DOCUMENTATION_COMMENTS = YES;
				CLANG_WARN_EMPTY_BODY = YES;
				CLANG_WARN_ENUM_CONVERSION = YES;
				CLANG_WARN_INFINITE_RECURSION = YES;
				CLANG_WARN_INT_CONVERSION = YES;
				CLANG_WARN_NON_LITERAL_NULL_CONVERSION = YES;
				CLANG_WARN_OBJC_LITERAL_CONVERSION = YES;
				CLANG_WARN_OBJC_ROOT_CLASS = YES_ERROR;
				CLANG_WARN_RANGE_LOOP_ANALYSIS = YES;
				CLANG_WARN_STRICT_PROTOTYPES = YES;
				CLANG_WARN_SUSPICIOUS_MOVE = YES;
				CLANG_WARN_UNGUARDED_AVAILABILITY = YES_AGGRESSIVE;
				CLANG_WARN_UNREACHABLE_CODE = YES;
				CLANG_WARN__DUPLICATE_METHOD_MATCH = YES;
				CODE_SIGN_IDENTITY = "iPhone Developer";
				COPY_PHASE_STRIP = NO;
				DEBUG_INFORMATION_FORMAT = "dwarf-with-dsym";
				ENABLE_NS_ASSERTIONS = NO;
				ENABLE_STRICT_OBJC_MSGSEND = YES;
				GCC_C_LANGUAGE_STANDARD = gnu11;
				GCC_NO_COMMON_BLOCKS = YES;
				GCC_WARN_64_TO_32_BIT_CONVERSION = YES;
				GCC_WARN_ABOUT_RETURN_TYPE = YES_ERROR;
				GCC_WARN_UNDECLARED_SELECTOR = YES;
				GCC_WARN_UNINITIALIZED_AUTOS = YES_AGGRESSIVE;
				GCC_WARN_UNUSED_FUNCTION = YES;
				GCC_WARN_UNUSED_VARIABLE = YES;
				IPHONEOS_DEPLOYMENT_TARGET = 11.2;
				MTL_ENABLE_DEBUG_INFO = NO;
				SDKROOT = iphoneos;
				SWIFT_OPTIMIZATION_LEVEL = "-Owholemodule";
				VALIDATE_PRODUCT = YES;
			};
			name = Release;
		};
		B6945D7A200948C1001085F7 /* Debug */ = {
			isa = XCBuildConfiguration;
			buildSettings = {
				ASSETCATALOG_COMPILER_APPICON_NAME = AppIcon;
				CODE_SIGN_STYLE = Automatic;
				DEVELOPMENT_TEAM = BDD95TS3QC;
				INFOPLIST_FILE = MemoryLeakBuster/Info.plist;
				LD_RUNPATH_SEARCH_PATHS = "$(inherited) @executable_path/Frameworks";
				PRODUCT_BUNDLE_IDENTIFIER = com.linxmap.ios.MemoryLeakBuster;
				PRODUCT_NAME = "$(TARGET_NAME)";
				SWIFT_VERSION = 4.0;
				TARGETED_DEVICE_FAMILY = "1,2";
			};
			name = Debug;
		};
		B6945D7B200948C1001085F7 /* Release */ = {
			isa = XCBuildConfiguration;
			buildSettings = {
				ASSETCATALOG_COMPILER_APPICON_NAME = AppIcon;
				CODE_SIGN_STYLE = Automatic;
				DEVELOPMENT_TEAM = BDD95TS3QC;
				INFOPLIST_FILE = MemoryLeakBuster/Info.plist;
				LD_RUNPATH_SEARCH_PATHS = "$(inherited) @executable_path/Frameworks";
				PRODUCT_BUNDLE_IDENTIFIER = com.linxmap.ios.MemoryLeakBuster;
				PRODUCT_NAME = "$(TARGET_NAME)";
				SWIFT_VERSION = 4.0;
				TARGETED_DEVICE_FAMILY = "1,2";
			};
			name = Release;
		};
		B6945D7D200948C1001085F7 /* Debug */ = {
			isa = XCBuildConfiguration;
			buildSettings = {
				ALWAYS_EMBED_SWIFT_STANDARD_LIBRARIES = YES;
				BUNDLE_LOADER = "$(TEST_HOST)";
				CODE_SIGN_STYLE = Automatic;
				INFOPLIST_FILE = MemoryLeakBusterTests/Info.plist;
				LD_RUNPATH_SEARCH_PATHS = "$(inherited) @executable_path/Frameworks @loader_path/Frameworks";
				PRODUCT_BUNDLE_IDENTIFIER = com.linxmap.ios.MemoryLeakBusterTests;
				PRODUCT_NAME = "$(TARGET_NAME)";
				SWIFT_VERSION = 4.0;
				TARGETED_DEVICE_FAMILY = "1,2";
				TEST_HOST = "$(BUILT_PRODUCTS_DIR)/MemoryLeakBuster.app/MemoryLeakBuster";
			};
			name = Debug;
		};
		B6945D7E200948C1001085F7 /* Release */ = {
			isa = XCBuildConfiguration;
			buildSettings = {
				ALWAYS_EMBED_SWIFT_STANDARD_LIBRARIES = YES;
				BUNDLE_LOADER = "$(TEST_HOST)";
				CODE_SIGN_STYLE = Automatic;
				INFOPLIST_FILE = MemoryLeakBusterTests/Info.plist;
				LD_RUNPATH_SEARCH_PATHS = "$(inherited) @executable_path/Frameworks @loader_path/Frameworks";
				PRODUCT_BUNDLE_IDENTIFIER = com.linxmap.ios.MemoryLeakBusterTests;
				PRODUCT_NAME = "$(TARGET_NAME)";
				SWIFT_VERSION = 4.0;
				TARGETED_DEVICE_FAMILY = "1,2";
				TEST_HOST = "$(BUILT_PRODUCTS_DIR)/MemoryLeakBuster.app/MemoryLeakBuster";
			};
			name = Release;
		};
		B6945D80200948C1001085F7 /* Debug */ = {
			isa = XCBuildConfiguration;
			buildSettings = {
				ALWAYS_EMBED_SWIFT_STANDARD_LIBRARIES = YES;
				CODE_SIGN_STYLE = Automatic;
				INFOPLIST_FILE = MemoryLeakBusterUITests/Info.plist;
				LD_RUNPATH_SEARCH_PATHS = "$(inherited) @executable_path/Frameworks @loader_path/Frameworks";
				PRODUCT_BUNDLE_IDENTIFIER = com.linxmap.ios.MemoryLeakBusterUITests;
				PRODUCT_NAME = "$(TARGET_NAME)";
				SWIFT_VERSION = 4.0;
				TARGETED_DEVICE_FAMILY = "1,2";
				TEST_TARGET_NAME = MemoryLeakBuster;
			};
			name = Debug;
		};
		B6945D81200948C1001085F7 /* Release */ = {
			isa = XCBuildConfiguration;
			buildSettings = {
				ALWAYS_EMBED_SWIFT_STANDARD_LIBRARIES = YES;
				CODE_SIGN_STYLE = Automatic;
				INFOPLIST_FILE = MemoryLeakBusterUITests/Info.plist;
				LD_RUNPATH_SEARCH_PATHS = "$(inherited) @executable_path/Frameworks @loader_path/Frameworks";
				PRODUCT_BUNDLE_IDENTIFIER = com.linxmap.ios.MemoryLeakBusterUITests;
				PRODUCT_NAME = "$(TARGET_NAME)";
				SWIFT_VERSION = 4.0;
				TARGETED_DEVICE_FAMILY = "1,2";
				TEST_TARGET_NAME = MemoryLeakBuster;
			};
			name = Release;
		};
/* End XCBuildConfiguration section */

/* Begin XCConfigurationList section */
		B6945D4C200948C1001085F7 /* Build configuration list for PBXProject "MemoryLeakBuster" */ = {
			isa = XCConfigurationList;
			buildConfigurations = (
				B6945D77200948C1001085F7 /* Debug */,
				B6945D78200948C1001085F7 /* Release */,
			);
			defaultConfigurationIsVisible = 0;
			defaultConfigurationName = Release;
		};
		B6945D79200948C1001085F7 /* Build configuration list for PBXNativeTarget "MemoryLeakBuster" */ = {
			isa = XCConfigurationList;
			buildConfigurations = (
				B6945D7A200948C1001085F7 /* Debug */,
				B6945D7B200948C1001085F7 /* Release */,
			);
			defaultConfigurationIsVisible = 0;
			defaultConfigurationName = Release;
		};
		B6945D7C200948C1001085F7 /* Build configuration list for PBXNativeTarget "MemoryLeakBusterTests" */ = {
			isa = XCConfigurationList;
			buildConfigurations = (
				B6945D7D200948C1001085F7 /* Debug */,
				B6945D7E200948C1001085F7 /* Release */,
			);
			defaultConfigurationIsVisible = 0;
			defaultConfigurationName = Release;
		};
		B6945D7F200948C1001085F7 /* Build configuration list for PBXNativeTarget "MemoryLeakBusterUITests" */ = {
			isa = XCConfigurationList;
			buildConfigurations = (
				B6945D80200948C1001085F7 /* Debug */,
				B6945D81200948C1001085F7 /* Release */,
			);
			defaultConfigurationIsVisible = 0;
			defaultConfigurationName = Release;
		};
/* End XCConfigurationList section */
	};
	rootObject = B6945D49200948C1001085F7 /* Project object */;
}
